
Microsoft Visual Studio Solution File, Format Version 12.00
# Visual Studio Version 17
VisualStudioVersion = 17.2.32616.157
MinimumVisualStudioVersion = 10.0.40219.1
Project("{FAE04EC0-301F-11D3-BF4B-00C04F79EFBC}") = "Proba", "Proba\Proba.csproj", "{6E9038C5-7935-43DF-8F34-7DA952F26D85}"
EndProject
Global
	GlobalSection(SolutionConfigurationPlatforms) = preSolution
		Debug|Any CPU = Debug|Any CPU
		Release|Any CPU = Release|Any CPU
	EndGlobalSection
	GlobalSection(ProjectConfigurationPlatforms) = postSolution
		{6E9038C5-7935-43DF-8F34-7DA952F26D85}.Debug|Any CPU.ActiveCfg = Debug|Any CPU
		{6E9038C5-7935-43DF-8F34-7DA952F26D85}.Debug|Any CPU.Build.0 = Debug|Any CPU
		{6E9038C5-7935-43DF-8F34-7DA952F26D85}.Release|Any CPU.ActiveCfg = Release|Any CPU
		{6E9038C5-7935-43DF-8F34-7DA952F26D85}.Release|Any CPU.Build.0 = Release|Any CPU
	EndGlobalSection
	GlobalSection(SolutionProperties) = preSolution
		HideSolutionNode = FALSE
	EndGlobalSection
	GlobalSection(ExtensibilityGlobals) = postSolution
		SolutionGuid = {DFB47BDB-70AD-4951-803D-DA51AA3292C8}
	EndGlobalSection
EndGlobal
